
Microsoft Visual Studio Solution File, Format Version 12.00
Project("{FAE04EC0-301F-11D3-BF4B-00C04F79EFBC}") = "GameOfLifeBlazor", "GameOfLifeBlazor\GameOfLifeBlazor.csproj", "{522B13EE-F522-48E2-8C08-D1BD4EF2F8BE}"
EndProject
Global
	GlobalSection(SolutionConfigurationPlatforms) = preSolution
		Debug|Any CPU = Debug|Any CPU
		Release|Any CPU = Release|Any CPU
	EndGlobalSection
	GlobalSection(ProjectConfigurationPlatforms) = postSolution
		{522B13EE-F522-48E2-8C08-D1BD4EF2F8BE}.Debug|Any CPU.ActiveCfg = Debug|Any CPU
		{522B13EE-F522-48E2-8C08-D1BD4EF2F8BE}.Debug|Any CPU.Build.0 = Debug|Any CPU
		{522B13EE-F522-48E2-8C08-D1BD4EF2F8BE}.Release|Any CPU.ActiveCfg = Release|Any CPU
		{522B13EE-F522-48E2-8C08-D1BD4EF2F8BE}.Release|Any CPU.Build.0 = Release|Any CPU
	EndGlobalSection
EndGlobal
